split:
  cmd: python src/split.py data/data.xml
  deps:
  - path: data/data.xml
    md5: a304afb96060aad90176268345e10355
  - path: src/split.py
    md5: ffa32f4104c363040f27d2bd22db127d
  outs:
  - path: data/splitted
    md5: 1ce9051bf386e57c03fe779d476d93e7.dir
featurize:
  cmd: python src/featurization.py data/splitted data/features
  deps:
  - path: data/splitted
    md5: 1ce9051bf386e57c03fe779d476d93e7.dir
  - path: src/featurization.py
    md5: a56570e715e39134adb4fdc779296373
  params:
    params.yaml:
      max_features: 6000
      ngram_range.hi: 2
      ngram_range.lo: 1
  outs:
  - path: data/features
    md5: 703b744b08c7d5c7ad3fdef4a69c6def.dir
train:
  cmd: python src/train.py data/features model.pkl
  deps:
  - path: data/features
    md5: 703b744b08c7d5c7ad3fdef4a69c6def.dir
  - path: src/train.py
    md5: 999db74263dccc2798804478d5dea37e
  outs:
  - path: model.pkl
    md5: ebd24ca55feb3707b0f44d0269739b1e
