schema: '2.0'
stages:
  prepare:
    cmd: uv run python src/dvc_example/prepare.py data/data.xml
    deps:
    - path: data/data.xml
      hash: md5
      md5: 22a1a2931c8370d3aeedd7183606fd7f
      size: 14445097
    - path: src/dvc_example/prepare.py
      hash: md5
      md5: f54d670ac8a4f63206781fc31d1f2651
      size: 2231
    params:
      params.yaml:
        prepare.seed: 20170428
        prepare.split: 0.2
    outs:
    - path: data/prepared
      hash: md5
      md5: 153aad06d376b6595932470e459ef42a.dir
      size: 8437363
      nfiles: 2
  featurize:
    cmd: uv run python src/dvc_example/featurization.py data/prepared
      data/features
    deps:
    - path: data/prepared
      hash: md5
      md5: 153aad06d376b6595932470e459ef42a.dir
      size: 8437363
      nfiles: 2
    - path: src/dvc_example/featurization.py
      hash: md5
      md5: e22789fc9581cad11ef7a6fa3aa3f17b
      size: 4158
    params:
      params.yaml:
        featurize.max_features: 100
        featurize.ngrams: 1
    outs:
    - path: data/features
      hash: md5
      md5: 820664b8b793837e74ea3a5d334eb85c.dir
      size: 1556292
      nfiles: 2
  train:
    cmd: uv run python src/dvc_example/train.py data/features model.pkl
    deps:
    - path: data/features
      hash: md5
      md5: 820664b8b793837e74ea3a5d334eb85c.dir
      size: 1556292
      nfiles: 2
    - path: src/dvc_example/train.py
      hash: md5
      md5: 324001573ed724e5ae092226fcf9ca30
      size: 1666
    params:
      params.yaml:
        train.min_split: 0.01
        train.n_est: 50
        train.seed: 20170428
    outs:
    - path: model.pkl
      hash: md5
      md5: bdf0af39a42bd3fa2642eab858c45e16
      size: 1855076
  evaluate:
    cmd: uv run python src/dvc_example/evaluate.py model.pkl data/features
    deps:
    - path: data/features
      hash: md5
      md5: 820664b8b793837e74ea3a5d334eb85c.dir
      size: 1556292
      nfiles: 2
    - path: model.pkl
      hash: md5
      md5: bdf0af39a42bd3fa2642eab858c45e16
      size: 1855076
    - path: src/dvc_example/evaluate.py
      hash: md5
      md5: 125a241720fa69befdb419a3b75e5bfb
      size: 3300
    outs:
    - path: eval
      hash: md5
      md5: 0c85174459570f3d53969de97f175ff0.dir
      size: 1339282
      nfiles: 8
